{
  "name": "codex-ui-wechat-sidecar",
  "version": "0.1.0",
  "lockfileVersion": 3,
  "requires": true,
  "packages": {
    "": {
      "name": "codex-ui-wechat-sidecar",
      "version": "0.1.0",
      "dependencies": {
        "wechat-channel": "^1.1.0"
      }
    },
    "node_modules/qrcode-terminal": {
      "version": "0.12.0",
      "resolved": "https://registry.npmjs.org/qrcode-terminal/-/qrcode-terminal-0.12.0.tgz",
      "integrity": "sha512-EXtzRZmC+YGmGlDFbXKxQiMZNwCLEO6BANKXG4iCtSIM0yqc/pappSx3RIKr4r0uh5JsBckOXeKrB3Iz7mdQpQ==",
      "optional": true,
      "bin": {
        "qrcode-terminal": "bin/qrcode-terminal.js"
      }
    },
    "node_modules/wechat-channel": {
      "version": "1.1.0",
      "resolved": "https://registry.npmjs.org/wechat-channel/-/wechat-channel-1.1.0.tgz",
      "integrity": "sha512-b1H6wEvu9MxAC9n9GFJSiWheheq/eh+tfLSfA+bXleiFzbNnrwU8lGMVAU1zutWaVKnXM/jbA8Ro9xCX8UjjUA==",
      "license": "MIT",
      "engines": {
        "node": ">=18.0.0"
      },
      "optionalDependencies": {
        "qrcode-terminal": "^0.12.0"
      }
    }
  }
}
